
Microsoft Visual Studio Solution File, Format Version 12.00
# Visual Studio 15
VisualStudioVersion = 15.0.28307.106
MinimumVisualStudioVersion = 10.0.40219.1
Project("{FAE04EC0-301F-11D3-BF4B-00C04F79EFBC}") = "Sort", "Sort\Sort.csproj", "{DDB943AA-7C55-4965-A1CE-FE9955CA1A25}"
EndProject
Project("{FAE04EC0-301F-11D3-BF4B-00C04F79EFBC}") = "SortAlgorithm", "SortAlgorithm\SortAlgorithm.csproj", "{9A0376EB-524A-4429-8A0C-B94EC1A34085}"
EndProject
Project("{FAE04EC0-301F-11D3-BF4B-00C04F79EFBC}") = "Hide", "Hide\Hide.csproj", "{EEE8D8DA-0928-414C-B52E-BB6B9D570A2E}"
EndProject
Global
	GlobalSection(SolutionConfigurationPlatforms) = preSolution
		Debug|Any CPU = Debug|Any CPU
		Release|Any CPU = Release|Any CPU
	EndGlobalSection
	GlobalSection(ProjectConfigurationPlatforms) = postSolution
		{DDB943AA-7C55-4965-A1CE-FE9955CA1A25}.Debug|Any CPU.ActiveCfg = Debug|Any CPU
		{DDB943AA-7C55-4965-A1CE-FE9955CA1A25}.Debug|Any CPU.Build.0 = Debug|Any CPU
		{DDB943AA-7C55-4965-A1CE-FE9955CA1A25}.Release|Any CPU.ActiveCfg = Release|Any CPU
		{DDB943AA-7C55-4965-A1CE-FE9955CA1A25}.Release|Any CPU.Build.0 = Release|Any CPU
		{9A0376EB-524A-4429-8A0C-B94EC1A34085}.Debug|Any CPU.ActiveCfg = Debug|Any CPU
		{9A0376EB-524A-4429-8A0C-B94EC1A34085}.Debug|Any CPU.Build.0 = Debug|Any CPU
		{9A0376EB-524A-4429-8A0C-B94EC1A34085}.Release|Any CPU.ActiveCfg = Release|Any CPU
		{9A0376EB-524A-4429-8A0C-B94EC1A34085}.Release|Any CPU.Build.0 = Release|Any CPU
		{EEE8D8DA-0928-414C-B52E-BB6B9D570A2E}.Debug|Any CPU.ActiveCfg = Debug|Any CPU
		{EEE8D8DA-0928-414C-B52E-BB6B9D570A2E}.Debug|Any CPU.Build.0 = Debug|Any CPU
		{EEE8D8DA-0928-414C-B52E-BB6B9D570A2E}.Release|Any CPU.ActiveCfg = Release|Any CPU
		{EEE8D8DA-0928-414C-B52E-BB6B9D570A2E}.Release|Any CPU.Build.0 = Release|Any CPU
	EndGlobalSection
	GlobalSection(SolutionProperties) = preSolution
		HideSolutionNode = FALSE
	EndGlobalSection
	GlobalSection(ExtensibilityGlobals) = postSolution
		SolutionGuid = {73DA4D28-DC09-4170-BEFF-41D183B22F56}
	EndGlobalSection
EndGlobal
